
Microsoft Visual Studio Solution File, Format Version 12.00
# Visual Studio Version 17
VisualStudioVersion = 17.14.36202.13 d17.14
MinimumVisualStudioVersion = 10.0.40219.1
Project("{FAE04EC0-301F-11D3-BF4B-00C04F79EFBC}") = "IMC", "IMC\IMC.csproj", "{6FCD3793-A7CA-471A-828A-8E496641933D}"
EndProject
Global
	GlobalSection(SolutionConfigurationPlatforms) = preSolution
		Debug|Any CPU = Debug|Any CPU
		Release|Any CPU = Release|Any CPU
	EndGlobalSection
	GlobalSection(ProjectConfigurationPlatforms) = postSolution
		{6FCD3793-A7CA-471A-828A-8E496641933D}.Debug|Any CPU.ActiveCfg = Debug|Any CPU
		{6FCD3793-A7CA-471A-828A-8E496641933D}.Debug|Any CPU.Build.0 = Debug|Any CPU
		{6FCD3793-A7CA-471A-828A-8E496641933D}.Release|Any CPU.ActiveCfg = Release|Any CPU
		{6FCD3793-A7CA-471A-828A-8E496641933D}.Release|Any CPU.Build.0 = Release|Any CPU
	EndGlobalSection
	GlobalSection(SolutionProperties) = preSolution
		HideSolutionNode = FALSE
	EndGlobalSection
	GlobalSection(ExtensibilityGlobals) = postSolution
		SolutionGuid = {0B18BF9A-0C2E-463C-8415-09212D6979CE}
	EndGlobalSection
EndGlobal
